
Microsoft Visual Studio Solution File, Format Version 12.00
# Visual Studio Version 17
VisualStudioVersion = 17.10.35122.118
MinimumVisualStudioVersion = 10.0.40219.1
Project("{FAE04EC0-301F-11D3-BF4B-00C04F79EFBC}") = "Assignment_EF_1", "Assignment_EF_1.csproj", "{31600477-8D71-4407-BC0F-0050C4FDF97B}"
EndProject
Global
	GlobalSection(SolutionConfigurationPlatforms) = preSolution
		Debug|Any CPU = Debug|Any CPU
		Release|Any CPU = Release|Any CPU
	EndGlobalSection
	GlobalSection(ProjectConfigurationPlatforms) = postSolution
		{31600477-8D71-4407-BC0F-0050C4FDF97B}.Debug|Any CPU.ActiveCfg = Debug|Any CPU
		{31600477-8D71-4407-BC0F-0050C4FDF97B}.Debug|Any CPU.Build.0 = Debug|Any CPU
		{31600477-8D71-4407-BC0F-0050C4FDF97B}.Release|Any CPU.ActiveCfg = Release|Any CPU
		{31600477-8D71-4407-BC0F-0050C4FDF97B}.Release|Any CPU.Build.0 = Release|Any CPU
	EndGlobalSection
	GlobalSection(SolutionProperties) = preSolution
		HideSolutionNode = FALSE
	EndGlobalSection
	GlobalSection(ExtensibilityGlobals) = postSolution
		SolutionGuid = {4688EAD1-F1CC-4929-9DAF-B83EAE335B01}
	EndGlobalSection
EndGlobal
